
Microsoft Visual Studio Solution File, Format Version 12.00
# Visual Studio Version 16
VisualStudioVersion = 16.0.32413.511
MinimumVisualStudioVersion = 10.0.40219.1
Project("{FAE04EC0-301F-11D3-BF4B-00C04F79EFBC}") = "PEParserSharp", "PEParserSharp\PEParserSharp.csproj", "{9FE85374-25A5-4970-AC33-CE18AD58F65B}"
EndProject
Project("{FAE04EC0-301F-11D3-BF4B-00C04F79EFBC}") = "PEParserTest", "PEParserTest\PEParserTest.csproj", "{DBC8D91B-6E91-472D-9F66-65326CEF5448}"
EndProject
Global
	GlobalSection(SolutionConfigurationPlatforms) = preSolution
		Debug|Any CPU = Debug|Any CPU
		Release|Any CPU = Release|Any CPU
	EndGlobalSection
	GlobalSection(ProjectConfigurationPlatforms) = postSolution
		{9FE85374-25A5-4970-AC33-CE18AD58F65B}.Debug|Any CPU.ActiveCfg = Debug|Any CPU
		{9FE85374-25A5-4970-AC33-CE18AD58F65B}.Debug|Any CPU.Build.0 = Debug|Any CPU
		{9FE85374-25A5-4970-AC33-CE18AD58F65B}.Release|Any CPU.ActiveCfg = Release|Any CPU
		{9FE85374-25A5-4970-AC33-CE18AD58F65B}.Release|Any CPU.Build.0 = Release|Any CPU
		{DBC8D91B-6E91-472D-9F66-65326CEF5448}.Debug|Any CPU.ActiveCfg = Debug|Any CPU
		{DBC8D91B-6E91-472D-9F66-65326CEF5448}.Debug|Any CPU.Build.0 = Debug|Any CPU
		{DBC8D91B-6E91-472D-9F66-65326CEF5448}.Release|Any CPU.ActiveCfg = Release|Any CPU
		{DBC8D91B-6E91-472D-9F66-65326CEF5448}.Release|Any CPU.Build.0 = Release|Any CPU
	EndGlobalSection
	GlobalSection(SolutionProperties) = preSolution
		HideSolutionNode = FALSE
	EndGlobalSection
	GlobalSection(ExtensibilityGlobals) = postSolution
		SolutionGuid = {E39F6D32-5754-489E-8424-CEFED8A2C062}
	EndGlobalSection
EndGlobal
